github.com/willfaught/paige v0.42.2 h1:slgkfDChNq7Xt+a9ZqyjgZx4fvjBPG83Ua5SZqk8tVc=
github.com/willfaught/paige v0.42.2/go.mod h1:0Nt8ifl7UVYQIBaMtpZmg+BrQHHzFNqKcrBoA2Oo4/E=
github.com/willfaught/paige v0.57.0 h1:FsLrCSktpl2knXCgFEz3xNFIT8LzMBoJnRnpsm6GJEI=
github.com/willfaught/paige v0.57.0/go.mod h1:0Nt8ifl7UVYQIBaMtpZmg+BrQHHzFNqKcrBoA2Oo4/E=
